
Microsoft Visual Studio Solution File, Format Version 12.00
# Visual Studio Version 16
VisualStudioVersion = 16.0.31129.286
MinimumVisualStudioVersion = 10.0.40219.1
Project("{FAE04EC0-301F-11D3-BF4B-00C04F79EFBC}") = "SplitString", "SplitString\SplitString.csproj", "{C1F8F01D-6081-4973-8090-14472DA4DDCE}"
EndProject
Global
	GlobalSection(SolutionConfigurationPlatforms) = preSolution
		Debug|Any CPU = Debug|Any CPU
		Release|Any CPU = Release|Any CPU
	EndGlobalSection
	GlobalSection(ProjectConfigurationPlatforms) = postSolution
		{C1F8F01D-6081-4973-8090-14472DA4DDCE}.Debug|Any CPU.ActiveCfg = Debug|Any CPU
		{C1F8F01D-6081-4973-8090-14472DA4DDCE}.Debug|Any CPU.Build.0 = Debug|Any CPU
		{C1F8F01D-6081-4973-8090-14472DA4DDCE}.Release|Any CPU.ActiveCfg = Release|Any CPU
		{C1F8F01D-6081-4973-8090-14472DA4DDCE}.Release|Any CPU.Build.0 = Release|Any CPU
	EndGlobalSection
	GlobalSection(SolutionProperties) = preSolution
		HideSolutionNode = FALSE
	EndGlobalSection
	GlobalSection(ExtensibilityGlobals) = postSolution
		SolutionGuid = {42C2BB9B-B792-4333-B00B-8701C7583CE3}
	EndGlobalSection
EndGlobal
